
Microsoft Visual Studio Solution File, Format Version 12.00
# Visual Studio Version 17
VisualStudioVersion = 17.9.34607.119
MinimumVisualStudioVersion = 10.0.40219.1
Project("{FAE04EC0-301F-11D3-BF4B-00C04F79EFBC}") = "8_C#_EPAM", "8_C#_EPAM\8_C#_EPAM.csproj", "{BF474879-3F78-40B0-BB65-194B633374FB}"
EndProject
Global
	GlobalSection(SolutionConfigurationPlatforms) = preSolution
		Debug|Any CPU = Debug|Any CPU
		Release|Any CPU = Release|Any CPU
	EndGlobalSection
	GlobalSection(ProjectConfigurationPlatforms) = postSolution
		{BF474879-3F78-40B0-BB65-194B633374FB}.Debug|Any CPU.ActiveCfg = Debug|Any CPU
		{BF474879-3F78-40B0-BB65-194B633374FB}.Debug|Any CPU.Build.0 = Debug|Any CPU
		{BF474879-3F78-40B0-BB65-194B633374FB}.Release|Any CPU.ActiveCfg = Release|Any CPU
		{BF474879-3F78-40B0-BB65-194B633374FB}.Release|Any CPU.Build.0 = Release|Any CPU
	EndGlobalSection
	GlobalSection(SolutionProperties) = preSolution
		HideSolutionNode = FALSE
	EndGlobalSection
	GlobalSection(ExtensibilityGlobals) = postSolution
		SolutionGuid = {7043FDBC-9BB7-449E-AEC7-66062EB40B7B}
	EndGlobalSection
EndGlobal
